{
  "requires": true,
  "lockfileVersion": 1,
  "dependencies": {
    "@syncfusion/ej2-base": {
      "version": "19.3.43",
      "resolved": "https://registry.npmjs.org/@syncfusion/ej2-base/-/ej2-base-19.3.43.tgz",
      "integrity": "sha512-4cYDAwERBT0NzeUheN8t00gc3jwUpM+9ceBICNl15N9plhITN0r3BEDK/OSepFsP9WVFkDyYgV/wtP6sf/zuIA==",
      "requires": {
        "@syncfusion/ej2-icons": "~19.3.43"
      }
    },
    "@syncfusion/ej2-buttons": {
      "version": "19.3.44",
      "resolved": "https://registry.npmjs.org/@syncfusion/ej2-buttons/-/ej2-buttons-19.3.44.tgz",
      "integrity": "sha512-Qx/0kTISQ73+gxjCEFSoJo6uLzZJ97QIVAoQxAJFAMLEVxuazl1r0m5K5rU/4ZC6Tfgxf1iGfA1nsIVzNRsOPw==",
      "requires": {
        "@syncfusion/ej2-base": "~19.3.43"
      }
    },
    "@syncfusion/ej2-calendars": {
      "version": "19.3.44",
      "resolved": "https://registry.npmjs.org/@syncfusion/ej2-calendars/-/ej2-calendars-19.3.44.tgz",
      "integrity": "sha512-ydu25Lq3aeksxvm6TAODB2W2SOcJ+jnbGzPY/tJf2Y5/6LfKN4Q/F4/P4oBfm8TqoyaT1nj9MA/oQsdCfUImOg==",
      "requires": {
        "@syncfusion/ej2-base": "~19.3.43",
        "@syncfusion/ej2-buttons": "~19.3.44",
        "@syncfusion/ej2-inputs": "~19.3.44",
        "@syncfusion/ej2-lists": "~19.3.44",
        "@syncfusion/ej2-popups": "~19.3.43"
      }
    },
    "@syncfusion/ej2-compression": {
      "version": "19.3.43",
      "resolved": "https://registry.npmjs.org/@syncfusion/ej2-compression/-/ej2-compression-19.3.43.tgz",
      "integrity": "sha512-5Kk1DReVgOG4dV1cSiDQoLhXYhZ/LGQrSsIQGasbnmWSeAMsgGYBZcKR4a8N94oMFP7eWpCBn9mce8SQgxYFWA==",
      "requires": {
        "@syncfusion/ej2-file-utils": "~19.3.43"
      }
    },
    "@syncfusion/ej2-data": {
      "version": "19.3.44",
      "resolved": "https://registry.npmjs.org/@syncfusion/ej2-data/-/ej2-data-19.3.44.tgz",
      "integrity": "sha512-lOgug+1tpzN8HU9QCFt1pjuvsZedq0C/uTpAkM2Nk8Oux0S73Il1nyd54QUmB36eZnYclf4vyGf76GOHfZ3yKA==",
      "requires": {
        "@syncfusion/ej2-base": "~19.3.43"
      }
    },
    "@syncfusion/ej2-dropdowns": {
      "version": "19.3.45",
      "resolved": "https://registry.npmjs.org/@syncfusion/ej2-dropdowns/-/ej2-dropdowns-19.3.45.tgz",
      "integrity": "sha512-rdyUSK6xdUILFFRj4Reh0YDvJ4wXTVRLwTMKuCQVOJ8g+xQLTZFFWNiVqEFhmuQ8VCqIOw1Mawi++u3Zww7K4g==",
      "requires": {
        "@syncfusion/ej2-base": "~19.3.43",
        "@syncfusion/ej2-data": "~19.3.44",
        "@syncfusion/ej2-inputs": "~19.3.44",
        "@syncfusion/ej2-lists": "~19.3.45",
        "@syncfusion/ej2-navigations": "~19.3.45",
        "@syncfusion/ej2-popups": "~19.3.43"
      }
    },
    "@syncfusion/ej2-excel-export": {
      "version": "19.3.44",
      "resolved": "https://registry.npmjs.org/@syncfusion/ej2-excel-export/-/ej2-excel-export-19.3.44.tgz",
      "integrity": "sha512-gnKx/wZriWYwrapeNPX1U2ZAF1ykA4oUWZjHOX13q3LDqDAsCWPjQXcJbrm3ZZQgPvfHUF52wZyrL3UgduJy6Q==",
      "requires": {
        "@syncfusion/ej2-base": "~19.3.43",
        "@syncfusion/ej2-compression": "~19.3.43"
      }
    },
    "@syncfusion/ej2-file-utils": {
      "version": "19.3.43",
      "resolved": "https://registry.npmjs.org/@syncfusion/ej2-file-utils/-/ej2-file-utils-19.3.43.tgz",
      "integrity": "sha512-jfca+wvCI5bY+f30qvG/ozKciFfNIrCg1e3KsQ7zzAOjRhJpTo9Nl2YMZbGvSAhF6Ao1n4940X0lF2zr8LrglA=="
    },
    "@syncfusion/ej2-grids": {
      "version": "19.3.45",
      "resolved": "https://registry.npmjs.org/@syncfusion/ej2-grids/-/ej2-grids-19.3.45.tgz",
      "integrity": "sha512-MtBX9LaSG0X6F62HJe3v2m0ex6ZJIJ9tATHz4TYNtq2EfCvNbqtCpICwKlRnbRTDwW8se2RQvIHqVFc2lrJ9Mg==",
      "requires": {
        "@syncfusion/ej2-base": "~19.3.43",
        "@syncfusion/ej2-buttons": "~19.3.44",
        "@syncfusion/ej2-calendars": "~19.3.44",
        "@syncfusion/ej2-compression": "~19.3.43",
        "@syncfusion/ej2-data": "~19.3.44",
        "@syncfusion/ej2-dropdowns": "~19.3.45",
        "@syncfusion/ej2-excel-export": "~19.3.44",
        "@syncfusion/ej2-file-utils": "~19.3.43",
        "@syncfusion/ej2-inputs": "~19.3.44",
        "@syncfusion/ej2-lists": "~19.3.45",
        "@syncfusion/ej2-navigations": "~19.3.45",
        "@syncfusion/ej2-pdf-export": "~19.3.43",
        "@syncfusion/ej2-popups": "~19.3.43",
        "@syncfusion/ej2-splitbuttons": "~19.3.45"
      }
    },
    "@syncfusion/ej2-icons": {
      "version": "19.3.43",
      "resolved": "https://registry.npmjs.org/@syncfusion/ej2-icons/-/ej2-icons-19.3.43.tgz",
      "integrity": "sha512-vWl6AlBEP4OEcXem/H7+zYKGNdqbbz/ddho0/l/U16Z1T6UWrKhIUizkekOgwVkSwqA0NFs+X2YgwSaM8YdZBA=="
    },
    "@syncfusion/ej2-inputs": {
      "version": "19.3.44",
      "resolved": "https://registry.npmjs.org/@syncfusion/ej2-inputs/-/ej2-inputs-19.3.44.tgz",
      "integrity": "sha512-NOZ2rS7+YZx52iCBSScvMYqyoyUN/zWWCqKehBeQUH/w4pXdVUuis9Ipvd6VFjG+3yz/QwvplCWoz/aj6IqVWA==",
      "requires": {
        "@syncfusion/ej2-base": "~19.3.43",
        "@syncfusion/ej2-buttons": "~19.3.44",
        "@syncfusion/ej2-popups": "~19.3.43",
        "@syncfusion/ej2-splitbuttons": "~19.3.44"
      }
    },
    "@syncfusion/ej2-lists": {
      "version": "19.3.45",
      "resolved": "https://registry.npmjs.org/@syncfusion/ej2-lists/-/ej2-lists-19.3.45.tgz",
      "integrity": "sha512-bsVIrH2gr2z1jxeEYMv2Y2q77zLhjTJacficGqdREMBtE4PjUB2KLY4MMldOjAbF3ITWoAmB2w0aGCQR7uLj5w==",
      "requires": {
        "@syncfusion/ej2-base": "~19.3.43",
        "@syncfusion/ej2-buttons": "~19.3.44",
        "@syncfusion/ej2-data": "~19.3.44"
      }
    },
    "@syncfusion/ej2-navigations": {
      "version": "19.3.45",
      "resolved": "https://registry.npmjs.org/@syncfusion/ej2-navigations/-/ej2-navigations-19.3.45.tgz",
      "integrity": "sha512-FbhUZrmsQfIHjS93gQ2nHb/8uc5UFJ3o8Vyj4qh1fWPVa2gdtlWAa/Szh3nKaDNBSBoJiSm6aXzZoOMYFGG82A==",
      "requires": {
        "@syncfusion/ej2-base": "~19.3.43",
        "@syncfusion/ej2-buttons": "~19.3.44",
        "@syncfusion/ej2-data": "~19.3.44",
        "@syncfusion/ej2-inputs": "~19.3.44",
        "@syncfusion/ej2-lists": "~19.3.45",
        "@syncfusion/ej2-popups": "~19.3.43"
      }
    },
    "@syncfusion/ej2-pdf-export": {
      "version": "19.3.43",
      "resolved": "https://registry.npmjs.org/@syncfusion/ej2-pdf-export/-/ej2-pdf-export-19.3.43.tgz",
      "integrity": "sha512-DxSJs6JayLm2QrGz7IVrKZp3I7uNb4xlcGuPyd2WR9FkffJYNImtnIxeKBP+WXANy13FDIcjW1nWqNumx0pdJQ==",
      "requires": {
        "@syncfusion/ej2-compression": "~19.3.43"
      }
    },
    "@syncfusion/ej2-popups": {
      "version": "19.3.43",
      "resolved": "https://registry.npmjs.org/@syncfusion/ej2-popups/-/ej2-popups-19.3.43.tgz",
      "integrity": "sha512-EvgTj4/SuQUjkvVjBccp8z98CY6woVy+LSglXtGDI1voVvx/37yyEsee02JH+GeWFcExl5i7UWN2EkXZ6JA5gg==",
      "requires": {
        "@syncfusion/ej2-base": "~19.3.43",
        "@syncfusion/ej2-buttons": "~19.3.43"
      }
    },
    "@syncfusion/ej2-react-base": {
      "version": "19.3.45",
      "resolved": "https://registry.npmjs.org/@syncfusion/ej2-react-base/-/ej2-react-base-19.3.45.tgz",
      "integrity": "sha512-MxN8Vm3qBOaxUrTaeTStK40Iz5n9LPwbONlfX8iIO6jswFZevojNFfTpHztBLlMWnboFxDprzTMvt9m0rX3JWA==",
      "requires": {
        "@syncfusion/ej2-base": "~19.3.43"
      }
    },
    "@syncfusion/ej2-react-grids": {
      "version": "19.3.45",
      "resolved": "https://registry.npmjs.org/@syncfusion/ej2-react-grids/-/ej2-react-grids-19.3.45.tgz",
      "integrity": "sha512-Gk5JDichg8W0AY5gZGfoUoXcJ41lOG6UNpTzoCCfalMVQFAb4qPHvGuIY1DDCyHfF+ST9Q1lGMSh0RMp2SBnGA==",
      "requires": {
        "@syncfusion/ej2-base": "~19.3.43",
        "@syncfusion/ej2-grids": "19.3.45",
        "@syncfusion/ej2-react-base": "~19.3.45"
      }
    },
    "@syncfusion/ej2-splitbuttons": {
      "version": "19.3.45",
      "resolved": "https://registry.npmjs.org/@syncfusion/ej2-splitbuttons/-/ej2-splitbuttons-19.3.45.tgz",
      "integrity": "sha512-SEFtA3A4b+9Vo7VG5VOuVZmGeSVupbSSsL2CjBVGrTQVZ+n/SIXaCG2McX/C4MtRO7P8D+YtIGiijqGyxG+/1g==",
      "requires": {
        "@syncfusion/ej2-base": "~19.3.43",
        "@syncfusion/ej2-popups": "~19.3.43"
      }
    },
    "devextreme-react": {
      "version": "21.1.6",
      "resolved": "https://registry.npmjs.org/devextreme-react/-/devextreme-react-21.1.6.tgz",
      "integrity": "sha512-RMGpkmBSZ7IYXsg+Hd1d/wixnuCzjQLO07QjGCD85+UcURKgsOSOD55AmSHwDh8GsTTCZTu1jdDm9FcEEfA9dw==",
      "requires": {
        "prop-types": "^15.6.1"
      }
    },
    "js-tokens": {
      "version": "4.0.0",
      "resolved": "https://registry.npmjs.org/js-tokens/-/js-tokens-4.0.0.tgz",
      "integrity": "sha512-RdJUflcE3cUzKiMqQgsCu06FPu9UdIJO0beYbPhHN4k6apgJtifcoCtT9bcxOpYBtpD2kCM6Sbzg4CausW/PKQ=="
    },
    "loose-envify": {
      "version": "1.4.0",
      "resolved": "https://registry.npmjs.org/loose-envify/-/loose-envify-1.4.0.tgz",
      "integrity": "sha512-lyuxPGr/Wfhrlem2CL/UcnUc1zcqKAImBDzukY7Y5F/yQiNdko6+fRLevlw1HgMySw7f611UIY408EtxRSoK3Q==",
      "requires": {
        "js-tokens": "^3.0.0 || ^4.0.0"
      }
    },
    "object-assign": {
      "version": "4.1.1",
      "resolved": "https://registry.npmjs.org/object-assign/-/object-assign-4.1.1.tgz",
      "integrity": "sha1-IQmtx5ZYh8/AXLvUQsrIv7s2CGM="
    },
    "prop-types": {
      "version": "15.7.2",
      "resolved": "https://registry.npmjs.org/prop-types/-/prop-types-15.7.2.tgz",
      "integrity": "sha512-8QQikdH7//R2vurIJSutZ1smHYTcLpRWEOlHnzcWHmBYrOGUysKwSsrC89BCiFj3CbrfJ/nXFdJepOVrY1GCHQ==",
      "requires": {
        "loose-envify": "^1.4.0",
        "object-assign": "^4.1.1",
        "react-is": "^16.8.1"
      }
    },
    "react-is": {
      "version": "16.13.1",
      "resolved": "https://registry.npmjs.org/react-is/-/react-is-16.13.1.tgz",
      "integrity": "sha512-24e6ynE2H+OKt4kqsOvNd8kBpV65zoxbA4BVsEOB3ARVWQki/DHzaUoC5KuON/BiccDaCCTZBuOcfZs70kR8bQ=="
    }
  }
}
