# THIS IS AN AUTOGENERATED FILE. DO NOT EDIT THIS FILE DIRECTLY.
# yarn lockfile v1


"@syncfusion/ej2-base@^19.3.43", "@syncfusion/ej2-base@~19.3.43":
  version "19.3.43"
  resolved "https://registry.yarnpkg.com/@syncfusion/ej2-base/-/ej2-base-19.3.43.tgz#e2b28a33b18629ce863d2666310cf2bf897f36d6"
  integrity sha512-4cYDAwERBT0NzeUheN8t00gc3jwUpM+9ceBICNl15N9plhITN0r3BEDK/OSepFsP9WVFkDyYgV/wtP6sf/zuIA==
  dependencies:
    "@syncfusion/ej2-icons" "~19.3.43"

"@syncfusion/ej2-buttons@~19.3.43", "@syncfusion/ej2-buttons@~19.3.44":
  version "19.3.44"
  resolved "https://registry.yarnpkg.com/@syncfusion/ej2-buttons/-/ej2-buttons-19.3.44.tgz#95e10dfdb23980c200e1d3ccae8524d22aa5826e"
  integrity sha512-Qx/0kTISQ73+gxjCEFSoJo6uLzZJ97QIVAoQxAJFAMLEVxuazl1r0m5K5rU/4ZC6Tfgxf1iGfA1nsIVzNRsOPw==
  dependencies:
    "@syncfusion/ej2-base" "~19.3.43"

"@syncfusion/ej2-calendars@~19.3.44":
  version "19.3.44"
  resolved "https://registry.yarnpkg.com/@syncfusion/ej2-calendars/-/ej2-calendars-19.3.44.tgz#95ae3758fa05218533591791c75b683021bec4fe"
  integrity sha512-ydu25Lq3aeksxvm6TAODB2W2SOcJ+jnbGzPY/tJf2Y5/6LfKN4Q/F4/P4oBfm8TqoyaT1nj9MA/oQsdCfUImOg==
  dependencies:
    "@syncfusion/ej2-base" "~19.3.43"
    "@syncfusion/ej2-buttons" "~19.3.44"
    "@syncfusion/ej2-inputs" "~19.3.44"
    "@syncfusion/ej2-lists" "~19.3.44"
    "@syncfusion/ej2-popups" "~19.3.43"

"@syncfusion/ej2-compression@~19.3.43":
  version "19.3.43"
  resolved "https://registry.yarnpkg.com/@syncfusion/ej2-compression/-/ej2-compression-19.3.43.tgz#3da83ad850b3fbc0cd3022b6790eb6a533eec84c"
  integrity sha512-5Kk1DReVgOG4dV1cSiDQoLhXYhZ/LGQrSsIQGasbnmWSeAMsgGYBZcKR4a8N94oMFP7eWpCBn9mce8SQgxYFWA==
  dependencies:
    "@syncfusion/ej2-file-utils" "~19.3.43"

"@syncfusion/ej2-data@~19.3.44":
  version "19.3.44"
  resolved "https://registry.yarnpkg.com/@syncfusion/ej2-data/-/ej2-data-19.3.44.tgz#ea11c9feef1c8b82737140d3332c1ae125d964d9"
  integrity sha512-lOgug+1tpzN8HU9QCFt1pjuvsZedq0C/uTpAkM2Nk8Oux0S73Il1nyd54QUmB36eZnYclf4vyGf76GOHfZ3yKA==
  dependencies:
    "@syncfusion/ej2-base" "~19.3.43"

"@syncfusion/ej2-dropdowns@~19.3.45":
  version "19.3.45"
  resolved "https://registry.yarnpkg.com/@syncfusion/ej2-dropdowns/-/ej2-dropdowns-19.3.45.tgz#7ec75a3d52441472d7c8d6f2a1877cb17ebf11a2"
  integrity sha512-rdyUSK6xdUILFFRj4Reh0YDvJ4wXTVRLwTMKuCQVOJ8g+xQLTZFFWNiVqEFhmuQ8VCqIOw1Mawi++u3Zww7K4g==
  dependencies:
    "@syncfusion/ej2-base" "~19.3.43"
    "@syncfusion/ej2-data" "~19.3.44"
    "@syncfusion/ej2-inputs" "~19.3.44"
    "@syncfusion/ej2-lists" "~19.3.45"
    "@syncfusion/ej2-navigations" "~19.3.45"
    "@syncfusion/ej2-popups" "~19.3.43"

"@syncfusion/ej2-excel-export@~19.3.44":
  version "19.3.44"
  resolved "https://registry.yarnpkg.com/@syncfusion/ej2-excel-export/-/ej2-excel-export-19.3.44.tgz#8ae03a92a96fb7d6527327fc42b4e0a9848a8784"
  integrity sha512-gnKx/wZriWYwrapeNPX1U2ZAF1ykA4oUWZjHOX13q3LDqDAsCWPjQXcJbrm3ZZQgPvfHUF52wZyrL3UgduJy6Q==
  dependencies:
    "@syncfusion/ej2-base" "~19.3.43"
    "@syncfusion/ej2-compression" "~19.3.43"

"@syncfusion/ej2-file-utils@~19.3.43":
  version "19.3.43"
  resolved "https://registry.yarnpkg.com/@syncfusion/ej2-file-utils/-/ej2-file-utils-19.3.43.tgz#decf333d4ff64ca518d774cf1f3c53896bb0d6c8"
  integrity sha512-jfca+wvCI5bY+f30qvG/ozKciFfNIrCg1e3KsQ7zzAOjRhJpTo9Nl2YMZbGvSAhF6Ao1n4940X0lF2zr8LrglA==

"@syncfusion/ej2-filemanager@~19.3.44":
  version "19.3.44"
  resolved "https://registry.yarnpkg.com/@syncfusion/ej2-filemanager/-/ej2-filemanager-19.3.44.tgz#9eda660451f92f133184cfd6782b8c40fd51665d"
  integrity sha512-L25T9GMW0/7c+Tb0gHH0/hS5E8OyHvF6ptIBHxE+HQ/qCBy73r/DZKmUZyj4fJj22GdFbLBHCP+FNj4PjqlOOw==
  dependencies:
    "@syncfusion/ej2-base" "~19.3.43"
    "@syncfusion/ej2-buttons" "~19.3.44"
    "@syncfusion/ej2-data" "~19.3.44"
    "@syncfusion/ej2-grids" "~19.3.44"
    "@syncfusion/ej2-inputs" "~19.3.44"
    "@syncfusion/ej2-layouts" "~19.3.44"
    "@syncfusion/ej2-lists" "~19.3.44"
    "@syncfusion/ej2-navigations" "~19.3.44"
    "@syncfusion/ej2-popups" "~19.3.43"
    "@syncfusion/ej2-splitbuttons" "~19.3.44"
    selenium-webdriver "^4.0.0-alpha.1"

"@syncfusion/ej2-grids@19.3.45", "@syncfusion/ej2-grids@~19.3.44":
  version "19.3.45"
  resolved "https://registry.yarnpkg.com/@syncfusion/ej2-grids/-/ej2-grids-19.3.45.tgz#443bbc7158e1ee8d373a6f88d939bcf7f2be47d8"
  integrity sha512-MtBX9LaSG0X6F62HJe3v2m0ex6ZJIJ9tATHz4TYNtq2EfCvNbqtCpICwKlRnbRTDwW8se2RQvIHqVFc2lrJ9Mg==
  dependencies:
    "@syncfusion/ej2-base" "~19.3.43"
    "@syncfusion/ej2-buttons" "~19.3.44"
    "@syncfusion/ej2-calendars" "~19.3.44"
    "@syncfusion/ej2-compression" "~19.3.43"
    "@syncfusion/ej2-data" "~19.3.44"
    "@syncfusion/ej2-dropdowns" "~19.3.45"
    "@syncfusion/ej2-excel-export" "~19.3.44"
    "@syncfusion/ej2-file-utils" "~19.3.43"
    "@syncfusion/ej2-inputs" "~19.3.44"
    "@syncfusion/ej2-lists" "~19.3.45"
    "@syncfusion/ej2-navigations" "~19.3.45"
    "@syncfusion/ej2-pdf-export" "~19.3.43"
    "@syncfusion/ej2-popups" "~19.3.43"
    "@syncfusion/ej2-splitbuttons" "~19.3.45"

"@syncfusion/ej2-icons@~19.3.43":
  version "19.3.43"
  resolved "https://registry.yarnpkg.com/@syncfusion/ej2-icons/-/ej2-icons-19.3.43.tgz#99b6806444e299ad509979528f82e65e3d6475a3"
  integrity sha512-vWl6AlBEP4OEcXem/H7+zYKGNdqbbz/ddho0/l/U16Z1T6UWrKhIUizkekOgwVkSwqA0NFs+X2YgwSaM8YdZBA==

"@syncfusion/ej2-inplace-editor@19.3.45":
  version "19.3.45"
  resolved "https://registry.yarnpkg.com/@syncfusion/ej2-inplace-editor/-/ej2-inplace-editor-19.3.45.tgz#c3695f3d5c581d345e92304d642d62bcc39ccf85"
  integrity sha512-qezrIUX3XPMgSSSvLUuEf1XFBJdQGC1B8ipmmkdG1J7kGlVhYBqfaCCleqOSxlglAbRFWyrqrLXWqdSpOGvNWA==
  dependencies:
    "@syncfusion/ej2-base" "~19.3.43"
    "@syncfusion/ej2-buttons" "~19.3.44"
    "@syncfusion/ej2-calendars" "~19.3.44"
    "@syncfusion/ej2-data" "~19.3.44"
    "@syncfusion/ej2-dropdowns" "~19.3.45"
    "@syncfusion/ej2-inputs" "~19.3.44"
    "@syncfusion/ej2-lists" "~19.3.45"
    "@syncfusion/ej2-navigations" "~19.3.45"
    "@syncfusion/ej2-popups" "~19.3.43"
    "@syncfusion/ej2-richtexteditor" "~19.3.45"
    "@syncfusion/ej2-splitbuttons" "~19.3.45"

"@syncfusion/ej2-inputs@19.3.44", "@syncfusion/ej2-inputs@~19.3.44":
  version "19.3.44"
  resolved "https://registry.yarnpkg.com/@syncfusion/ej2-inputs/-/ej2-inputs-19.3.44.tgz#2220c3bb588381a27aeb91666c8cd762cf60125c"
  integrity sha512-NOZ2rS7+YZx52iCBSScvMYqyoyUN/zWWCqKehBeQUH/w4pXdVUuis9Ipvd6VFjG+3yz/QwvplCWoz/aj6IqVWA==
  dependencies:
    "@syncfusion/ej2-base" "~19.3.43"
    "@syncfusion/ej2-buttons" "~19.3.44"
    "@syncfusion/ej2-popups" "~19.3.43"
    "@syncfusion/ej2-splitbuttons" "~19.3.44"

"@syncfusion/ej2-layouts@19.3.44", "@syncfusion/ej2-layouts@~19.3.44":
  version "19.3.44"
  resolved "https://registry.yarnpkg.com/@syncfusion/ej2-layouts/-/ej2-layouts-19.3.44.tgz#7e8d2e578209f8944c20089b80e168296c6d870c"
  integrity sha512-gXnlINbqmNhlcYqpIHGubttvrftzE6riCv22IkDExFniPyZMO48A7j5tsoRM1NlX07xuLCPA2MUHqAWbh2Dhrw==
  dependencies:
    "@syncfusion/ej2-base" "~19.3.43"

"@syncfusion/ej2-lists@19.3.45", "@syncfusion/ej2-lists@~19.3.44", "@syncfusion/ej2-lists@~19.3.45":
  version "19.3.45"
  resolved "https://registry.yarnpkg.com/@syncfusion/ej2-lists/-/ej2-lists-19.3.45.tgz#0dab554ba4a031adfa0508946011ac763d0ca649"
  integrity sha512-bsVIrH2gr2z1jxeEYMv2Y2q77zLhjTJacficGqdREMBtE4PjUB2KLY4MMldOjAbF3ITWoAmB2w0aGCQR7uLj5w==
  dependencies:
    "@syncfusion/ej2-base" "~19.3.43"
    "@syncfusion/ej2-buttons" "~19.3.44"
    "@syncfusion/ej2-data" "~19.3.44"

"@syncfusion/ej2-navigations@~19.3.44", "@syncfusion/ej2-navigations@~19.3.45":
  version "19.3.45"
  resolved "https://registry.yarnpkg.com/@syncfusion/ej2-navigations/-/ej2-navigations-19.3.45.tgz#c1aeae1a6abf85a3899e27f63123c06c52720de6"
  integrity sha512-FbhUZrmsQfIHjS93gQ2nHb/8uc5UFJ3o8Vyj4qh1fWPVa2gdtlWAa/Szh3nKaDNBSBoJiSm6aXzZoOMYFGG82A==
  dependencies:
    "@syncfusion/ej2-base" "~19.3.43"
    "@syncfusion/ej2-buttons" "~19.3.44"
    "@syncfusion/ej2-data" "~19.3.44"
    "@syncfusion/ej2-inputs" "~19.3.44"
    "@syncfusion/ej2-lists" "~19.3.45"
    "@syncfusion/ej2-popups" "~19.3.43"

"@syncfusion/ej2-notifications@19.3.43":
  version "19.3.43"
  resolved "https://registry.yarnpkg.com/@syncfusion/ej2-notifications/-/ej2-notifications-19.3.43.tgz#fb9993648682b2cb3a7f87eb20d78d747715a31b"
  integrity sha512-ppHH/KlZCvekBtE4pi9jgnNNBE2NE2oaiPhCP2Z+drr/VJKpvUKwN9vtn77s9adPNMDjyiF0pCb/mMRSegnl0g==
  dependencies:
    "@syncfusion/ej2-base" "~19.3.43"
    "@syncfusion/ej2-buttons" "~19.3.43"
    "@syncfusion/ej2-popups" "~19.3.43"

"@syncfusion/ej2-pdf-export@~19.3.43":
  version "19.3.43"
  resolved "https://registry.yarnpkg.com/@syncfusion/ej2-pdf-export/-/ej2-pdf-export-19.3.43.tgz#f02307a650f671916c12632d9ec654a9a77a90a9"
  integrity sha512-DxSJs6JayLm2QrGz7IVrKZp3I7uNb4xlcGuPyd2WR9FkffJYNImtnIxeKBP+WXANy13FDIcjW1nWqNumx0pdJQ==
  dependencies:
    "@syncfusion/ej2-compression" "~19.3.43"

"@syncfusion/ej2-popups@19.3.43", "@syncfusion/ej2-popups@~19.3.43":
  version "19.3.43"
  resolved "https://registry.yarnpkg.com/@syncfusion/ej2-popups/-/ej2-popups-19.3.43.tgz#a4fe892ef69b5bc6c179a65d0efdb167e6d2d576"
  integrity sha512-EvgTj4/SuQUjkvVjBccp8z98CY6woVy+LSglXtGDI1voVvx/37yyEsee02JH+GeWFcExl5i7UWN2EkXZ6JA5gg==
  dependencies:
    "@syncfusion/ej2-base" "~19.3.43"
    "@syncfusion/ej2-buttons" "~19.3.43"

"@syncfusion/ej2-querybuilder@19.3.45":
  version "19.3.45"
  resolved "https://registry.yarnpkg.com/@syncfusion/ej2-querybuilder/-/ej2-querybuilder-19.3.45.tgz#5eedc718a2d8cfba61f7fa9e3efee3176e6d9fe1"
  integrity sha512-SllxYO+hrkhlPJEhvst4bla7PmrmFmP+PcdDf8yCPpQeXNjhMNcUSBmPnGwsc6G6ugdaDWlg5WX+gd+sDEgAMg==
  dependencies:
    "@syncfusion/ej2-base" "~19.3.43"
    "@syncfusion/ej2-buttons" "~19.3.44"
    "@syncfusion/ej2-calendars" "~19.3.44"
    "@syncfusion/ej2-dropdowns" "~19.3.45"
    "@syncfusion/ej2-inputs" "~19.3.44"
    "@syncfusion/ej2-splitbuttons" "~19.3.45"

"@syncfusion/ej2-react-base@~19.3.43", "@syncfusion/ej2-react-base@~19.3.45":
  version "19.3.45"
  resolved "https://registry.yarnpkg.com/@syncfusion/ej2-react-base/-/ej2-react-base-19.3.45.tgz#d5a134dc8b9d9d96c9938f5b319f8b6a5527bf8f"
  integrity sha512-MxN8Vm3qBOaxUrTaeTStK40Iz5n9LPwbONlfX8iIO6jswFZevojNFfTpHztBLlMWnboFxDprzTMvt9m0rX3JWA==
  dependencies:
    "@syncfusion/ej2-base" "~19.3.43"

"@syncfusion/ej2-react-grids@^19.3.45":
  version "19.3.45"
  resolved "https://registry.yarnpkg.com/@syncfusion/ej2-react-grids/-/ej2-react-grids-19.3.45.tgz#f99fddf9b4c522f4576e944727db73e91a388ae4"
  integrity sha512-Gk5JDichg8W0AY5gZGfoUoXcJ41lOG6UNpTzoCCfalMVQFAb4qPHvGuIY1DDCyHfF+ST9Q1lGMSh0RMp2SBnGA==
  dependencies:
    "@syncfusion/ej2-base" "~19.3.43"
    "@syncfusion/ej2-grids" "19.3.45"
    "@syncfusion/ej2-react-base" "~19.3.45"

"@syncfusion/ej2-react-inplace-editor@^19.3.45":
  version "19.3.45"
  resolved "https://registry.yarnpkg.com/@syncfusion/ej2-react-inplace-editor/-/ej2-react-inplace-editor-19.3.45.tgz#5c3f8e7e4dc224cb0fb0a012b26ddc5d297aa976"
  integrity sha512-SLqQkW1rE+V3Fz54Xm45Zy1GYQ+Q/VF99CH53yj6S5nN5PZESk0USYfi5BPgSzeLj4Htgb4Z6bX/a+xfKHpU4A==
  dependencies:
    "@syncfusion/ej2-base" "~19.3.43"
    "@syncfusion/ej2-inplace-editor" "19.3.45"
    "@syncfusion/ej2-react-base" "~19.3.45"

"@syncfusion/ej2-react-inputs@^19.3.44":
  version "19.3.44"
  resolved "https://registry.yarnpkg.com/@syncfusion/ej2-react-inputs/-/ej2-react-inputs-19.3.44.tgz#d0acbb68d0db5ae734e574e470576be14af3f275"
  integrity sha512-UwOEwAcjx32fbgmnvCJwmtcnOJc9o7BpcV4toA6v76kY98kl5eETM23ke/DZaj991nOPcw+/qjaoxyk4AUaxSA==
  dependencies:
    "@syncfusion/ej2-base" "~19.3.43"
    "@syncfusion/ej2-inputs" "19.3.44"
    "@syncfusion/ej2-react-base" "~19.3.43"

"@syncfusion/ej2-react-layouts@^19.3.44":
  version "19.3.44"
  resolved "https://registry.yarnpkg.com/@syncfusion/ej2-react-layouts/-/ej2-react-layouts-19.3.44.tgz#09858f8c5fccd0df008d14b3a003cafab1fb57b5"
  integrity sha512-CobANeUtb8Ztbs2SYy4ugXyQshYm9UvrXjSk+H2Qqd64PPtF5pKTtc71dzg3cayfg9dTOJctF1AzwVH3TtkHIQ==
  dependencies:
    "@syncfusion/ej2-base" "~19.3.43"
    "@syncfusion/ej2-layouts" "19.3.44"
    "@syncfusion/ej2-react-base" "~19.3.43"

"@syncfusion/ej2-react-lists@^19.3.45":
  version "19.3.45"
  resolved "https://registry.yarnpkg.com/@syncfusion/ej2-react-lists/-/ej2-react-lists-19.3.45.tgz#2bf8b5be6ab2207fb984931249f075414e53803c"
  integrity sha512-ZuI2Klh+/fsopeWs2L7tbHuRtAhuMqy8miahbRFgyRkc+c65tk0bbRu9pXBLbsmR1Q92gqyaYviGlAuH+cnA1Q==
  dependencies:
    "@syncfusion/ej2-base" "~19.3.43"
    "@syncfusion/ej2-lists" "19.3.45"
    "@syncfusion/ej2-react-base" "~19.3.45"

"@syncfusion/ej2-react-notifications@^19.3.43":
  version "19.3.43"
  resolved "https://registry.yarnpkg.com/@syncfusion/ej2-react-notifications/-/ej2-react-notifications-19.3.43.tgz#1d0e1cb048672e74f613fa0c1f52f82aded78f45"
  integrity sha512-35beLFP1gFJ5DOgbbl2cmsaBSoguPIyKMioNHC7lS0HfbpDuIrkV65AkUHBf1sJsI4jrSzYjcJjWPwg6AFjFAA==
  dependencies:
    "@syncfusion/ej2-base" "~19.3.43"
    "@syncfusion/ej2-notifications" "19.3.43"
    "@syncfusion/ej2-react-base" "~19.3.43"

"@syncfusion/ej2-react-popups@^19.3.43":
  version "19.3.43"
  resolved "https://registry.yarnpkg.com/@syncfusion/ej2-react-popups/-/ej2-react-popups-19.3.43.tgz#3b39984af6c70c1ebd94953f0b400ff97116e9b0"
  integrity sha512-FUMjSSv6fLObdyWVv0ybyCEAsGnhRdEkQRpHTTNcKyLpLFPfvstD0cstki15I5KDJm7TwDu05OEll+/N3HddcQ==
  dependencies:
    "@syncfusion/ej2-base" "~19.3.43"
    "@syncfusion/ej2-popups" "19.3.43"
    "@syncfusion/ej2-react-base" "~19.3.43"

"@syncfusion/ej2-react-querybuilder@^19.3.45":
  version "19.3.45"
  resolved "https://registry.yarnpkg.com/@syncfusion/ej2-react-querybuilder/-/ej2-react-querybuilder-19.3.45.tgz#dec40ed8111fe1cc696df9754c68c9d23f259351"
  integrity sha512-dkWZ1ymYu5VuUknU0RaDJ6OJBUYqwpC+mXc0aEhrPHyUnmYwWGbSbP3Anl2xnhQwLl7PZgB0B2TBVTGtGG0WPQ==
  dependencies:
    "@syncfusion/ej2-base" "~19.3.43"
    "@syncfusion/ej2-querybuilder" "19.3.45"
    "@syncfusion/ej2-react-base" "~19.3.45"

"@syncfusion/ej2-react-splitbuttons@^19.3.45":
  version "19.3.45"
  resolved "https://registry.yarnpkg.com/@syncfusion/ej2-react-splitbuttons/-/ej2-react-splitbuttons-19.3.45.tgz#42df5959fc805a2ec5300e6afb1adf7d8c784bd1"
  integrity sha512-IIgoHKc6cI+3VJ4lsQZ4CBfrF6rI9iEpYVUHjICzFw8RAnifNXAwh/bmadJuWM0B6QTV5HGlgdtbxSI42IWdPw==
  dependencies:
    "@syncfusion/ej2-base" "~19.3.43"
    "@syncfusion/ej2-react-base" "~19.3.45"
    "@syncfusion/ej2-splitbuttons" "19.3.45"

"@syncfusion/ej2-richtexteditor@~19.3.45":
  version "19.3.45"
  resolved "https://registry.yarnpkg.com/@syncfusion/ej2-richtexteditor/-/ej2-richtexteditor-19.3.45.tgz#d9fe9c47d6e1323f8803a6720f0425a165fc3585"
  integrity sha512-uNXV9KrwKrShQ1AxezHtSGW3rImtjH6+vbOaw36u+I6nUuSk7FiRQc75lZitQPPl3/vZCYuZZbO27pW8ak3+gQ==
  dependencies:
    "@syncfusion/ej2-base" "~19.3.43"
    "@syncfusion/ej2-buttons" "~19.3.44"
    "@syncfusion/ej2-filemanager" "~19.3.44"
    "@syncfusion/ej2-inputs" "~19.3.44"
    "@syncfusion/ej2-navigations" "~19.3.45"
    "@syncfusion/ej2-popups" "~19.3.43"
    "@syncfusion/ej2-splitbuttons" "~19.3.45"

"@syncfusion/ej2-splitbuttons@19.3.45", "@syncfusion/ej2-splitbuttons@~19.3.44", "@syncfusion/ej2-splitbuttons@~19.3.45":
  version "19.3.45"
  resolved "https://registry.yarnpkg.com/@syncfusion/ej2-splitbuttons/-/ej2-splitbuttons-19.3.45.tgz#7a8007962166706b45ec688378caa865650d3a84"
  integrity sha512-SEFtA3A4b+9Vo7VG5VOuVZmGeSVupbSSsL2CjBVGrTQVZ+n/SIXaCG2McX/C4MtRO7P8D+YtIGiijqGyxG+/1g==
  dependencies:
    "@syncfusion/ej2-base" "~19.3.43"
    "@syncfusion/ej2-popups" "~19.3.43"

balanced-match@^1.0.0:
  version "1.0.2"
  resolved "https://registry.yarnpkg.com/balanced-match/-/balanced-match-1.0.2.tgz#e83e3a7e3f300b34cb9d87f615fa0cbf357690ee"
  integrity sha512-3oSeUO0TMV67hN1AmbXsK4yaqU7tjiHlbxRDZOpH0KW9+CeX4bRAaX0Anxt0tx2MrpRpWwQaPwIlISEJhYU5Pw==

brace-expansion@^1.1.7:
  version "1.1.11"
  resolved "https://registry.yarnpkg.com/brace-expansion/-/brace-expansion-1.1.11.tgz#3c7fcbf529d87226f3d2f52b966ff5271eb441dd"
  integrity sha512-iCuPHDFgrHX7H2vEI/5xpz07zSHB00TpugqhmYtVmMO6518mCuRMoOYFldEBl0g187ufozdaHgWKcYFb61qGiA==
  dependencies:
    balanced-match "^1.0.0"
    concat-map "0.0.1"

concat-map@0.0.1:
  version "0.0.1"
  resolved "https://registry.yarnpkg.com/concat-map/-/concat-map-0.0.1.tgz#d8a96bd77fd68df7793a73036a3ba0d5405d477b"
  integrity sha1-2Klr13/Wjfd5OnMDajug1UBdR3s=

core-util-is@~1.0.0:
  version "1.0.3"
  resolved "https://registry.yarnpkg.com/core-util-is/-/core-util-is-1.0.3.tgz#a6042d3634c2b27e9328f837b965fac83808db85"
  integrity sha512-ZQBvi1DcpJ4GDqanjucZ2Hj3wEO5pZDS89BWbkcrvdxksJorwUDDZamX9ldFkp9aw2lmBDLgkObEA4DWNJ9FYQ==

fs.realpath@^1.0.0:
  version "1.0.0"
  resolved "https://registry.yarnpkg.com/fs.realpath/-/fs.realpath-1.0.0.tgz#1504ad2523158caa40db4a2787cb01411994ea4f"
  integrity sha1-FQStJSMVjKpA20onh8sBQRmU6k8=

glob@^7.1.3:
  version "7.2.0"
  resolved "https://registry.yarnpkg.com/glob/-/glob-7.2.0.tgz#d15535af7732e02e948f4c41628bd910293f6023"
  integrity sha512-lmLf6gtyrPq8tTjSmrO94wBeQbFR3HbLHbuyD69wuyQkImp2hWqMGB47OX65FBkPffO641IP9jWa1z4ivqG26Q==
  dependencies:
    fs.realpath "^1.0.0"
    inflight "^1.0.4"
    inherits "2"
    minimatch "^3.0.4"
    once "^1.3.0"
    path-is-absolute "^1.0.0"

immediate@~3.0.5:
  version "3.0.6"
  resolved "https://registry.yarnpkg.com/immediate/-/immediate-3.0.6.tgz#9db1dbd0faf8de6fbe0f5dd5e56bb606280de69b"
  integrity sha1-nbHb0Pr43m++D13V5Wu2BigN5ps=

inflight@^1.0.4:
  version "1.0.6"
  resolved "https://registry.yarnpkg.com/inflight/-/inflight-1.0.6.tgz#49bd6331d7d02d0c09bc910a1075ba8165b56df9"
  integrity sha1-Sb1jMdfQLQwJvJEKEHW6gWW1bfk=
  dependencies:
    once "^1.3.0"
    wrappy "1"

inherits@2, inherits@~2.0.3:
  version "2.0.4"
  resolved "https://registry.yarnpkg.com/inherits/-/inherits-2.0.4.tgz#0fa2c64f932917c3433a0ded55363aae37416b7c"
  integrity sha512-k/vGaX4/Yla3WzyMCvTQOXYeIHvqOKtnqBduzTHpzpQZzAskKMhZ2K+EnBiSM9zGSoIFeMpXKxa4dYeZIQqewQ==

isarray@~1.0.0:
  version "1.0.0"
  resolved "https://registry.yarnpkg.com/isarray/-/isarray-1.0.0.tgz#bb935d48582cba168c06834957a54a3e07124f11"
  integrity sha1-u5NdSFgsuhaMBoNJV6VKPgcSTxE=

jszip@^3.6.0:
  version "3.7.1"
  resolved "https://registry.yarnpkg.com/jszip/-/jszip-3.7.1.tgz#bd63401221c15625a1228c556ca8a68da6fda3d9"
  integrity sha512-ghL0tz1XG9ZEmRMcEN2vt7xabrDdqHHeykgARpmZ0BiIctWxM47Vt63ZO2dnp4QYt/xJVLLy5Zv1l/xRdh2byg==
  dependencies:
    lie "~3.3.0"
    pako "~1.0.2"
    readable-stream "~2.3.6"
    set-immediate-shim "~1.0.1"

lie@~3.3.0:
  version "3.3.0"
  resolved "https://registry.yarnpkg.com/lie/-/lie-3.3.0.tgz#dcf82dee545f46074daf200c7c1c5a08e0f40f6a"
  integrity sha512-UaiMJzeWRlEujzAuw5LokY1L5ecNQYZKfmyZ9L7wDHb/p5etKaxXhohBcrw0EYby+G/NA52vRSN4N39dxHAIwQ==
  dependencies:
    immediate "~3.0.5"

minimatch@^3.0.4:
  version "3.0.4"
  resolved "https://registry.yarnpkg.com/minimatch/-/minimatch-3.0.4.tgz#5166e286457f03306064be5497e8dbb0c3d32083"
  integrity sha512-yJHVQEhyqPLUTgt9B83PXu6W3rx4MvvHvSUvToogpwoGDOUQ+yDrR0HRot+yOCdCO7u4hX3pWft6kWBBcqh0UA==
  dependencies:
    brace-expansion "^1.1.7"

once@^1.3.0:
  version "1.4.0"
  resolved "https://registry.yarnpkg.com/once/-/once-1.4.0.tgz#583b1aa775961d4b113ac17d9c50baef9dd76bd1"
  integrity sha1-WDsap3WWHUsROsF9nFC6753Xa9E=
  dependencies:
    wrappy "1"

pako@~1.0.2:
  version "1.0.11"
  resolved "https://registry.yarnpkg.com/pako/-/pako-1.0.11.tgz#6c9599d340d54dfd3946380252a35705a6b992bf"
  integrity sha512-4hLB8Py4zZce5s4yd9XzopqwVv/yGNhV1Bl8NTmCq1763HeK2+EwVTv+leGeL13Dnh2wfbqowVPXCIO0z4taYw==

path-is-absolute@^1.0.0:
  version "1.0.1"
  resolved "https://registry.yarnpkg.com/path-is-absolute/-/path-is-absolute-1.0.1.tgz#174b9268735534ffbc7ace6bf53a5a9e1b5c5f5f"
  integrity sha1-F0uSaHNVNP+8es5r9TpanhtcX18=

process-nextick-args@~2.0.0:
  version "2.0.1"
  resolved "https://registry.yarnpkg.com/process-nextick-args/-/process-nextick-args-2.0.1.tgz#7820d9b16120cc55ca9ae7792680ae7dba6d7fe2"
  integrity sha512-3ouUOpQhtgrbOa17J7+uxOTpITYWaGP7/AhoR3+A+/1e9skrzelGi/dXzEYyvbxubEF6Wn2ypscTKiKJFFn1ag==

readable-stream@~2.3.6:
  version "2.3.7"
  resolved "https://registry.yarnpkg.com/readable-stream/-/readable-stream-2.3.7.tgz#1eca1cf711aef814c04f62252a36a62f6cb23b57"
  integrity sha512-Ebho8K4jIbHAxnuxi7o42OrZgF/ZTNcsZj6nRKyUmkhLFq8CHItp/fy6hQZuZmP/n3yZ9VBUbp4zz/mX8hmYPw==
  dependencies:
    core-util-is "~1.0.0"
    inherits "~2.0.3"
    isarray "~1.0.0"
    process-nextick-args "~2.0.0"
    safe-buffer "~5.1.1"
    string_decoder "~1.1.1"
    util-deprecate "~1.0.1"

rimraf@^3.0.0, rimraf@^3.0.2:
  version "3.0.2"
  resolved "https://registry.yarnpkg.com/rimraf/-/rimraf-3.0.2.tgz#f1a5402ba6220ad52cc1282bac1ae3aa49fd061a"
  integrity sha512-JZkJMZkAGFFPP2YqXZXPbMlMBgsxzE8ILs4lMIX/2o0L9UBw9O/Y3o6wFw/i9YLapcUJWwqbi3kdxIPdC62TIA==
  dependencies:
    glob "^7.1.3"

safe-buffer@~5.1.0, safe-buffer@~5.1.1:
  version "5.1.2"
  resolved "https://registry.yarnpkg.com/safe-buffer/-/safe-buffer-5.1.2.tgz#991ec69d296e0313747d59bdfd2b745c35f8828d"
  integrity sha512-Gd2UZBJDkXlY7GbJxfsE8/nvKkUEU1G38c1siN6QP6a9PT9MmHB8GnpscSmMJSoF8LOIrt8ud/wPtojys4G6+g==

selenium-webdriver@^4.0.0-alpha.1:
  version "4.0.0"
  resolved "https://registry.yarnpkg.com/selenium-webdriver/-/selenium-webdriver-4.0.0.tgz#7dc8969facee3be634459e173f557b7e34308e73"
  integrity sha512-tOlu6FnTjPq2FKpd153pl8o2cB7H40Rvl/ogiD2sapMv4IDjQqpIxbd+swDJe9UDLdszeh5CDis6lgy4e9UG1w==
  dependencies:
    jszip "^3.6.0"
    rimraf "^3.0.2"
    tmp "^0.2.1"
    ws ">=7.4.6"

set-immediate-shim@~1.0.1:
  version "1.0.1"
  resolved "https://registry.yarnpkg.com/set-immediate-shim/-/set-immediate-shim-1.0.1.tgz#4b2b1b27eb808a9f8dcc481a58e5e56f599f3f61"
  integrity sha1-SysbJ+uAip+NzEgaWOXlb1mfP2E=

string_decoder@~1.1.1:
  version "1.1.1"
  resolved "https://registry.yarnpkg.com/string_decoder/-/string_decoder-1.1.1.tgz#9cf1611ba62685d7030ae9e4ba34149c3af03fc8"
  integrity sha512-n/ShnvDi6FHbbVfviro+WojiFzv+s8MPMHBczVePfUpDJLwoLT0ht1l4YwBCbi8pJAveEEdnkHyPyTP/mzRfwg==
  dependencies:
    safe-buffer "~5.1.0"

tmp@^0.2.1:
  version "0.2.1"
  resolved "https://registry.yarnpkg.com/tmp/-/tmp-0.2.1.tgz#8457fc3037dcf4719c251367a1af6500ee1ccf14"
  integrity sha512-76SUhtfqR2Ijn+xllcI5P1oyannHNHByD80W1q447gU3mp9G9PSpGdWmjUOHRDPiHYacIk66W7ubDTuPF3BEtQ==
  dependencies:
    rimraf "^3.0.0"

util-deprecate@~1.0.1:
  version "1.0.2"
  resolved "https://registry.yarnpkg.com/util-deprecate/-/util-deprecate-1.0.2.tgz#450d4dc9fa70de732762fbd2d4a28981419a0ccf"
  integrity sha1-RQ1Nyfpw3nMnYvvS1KKJgUGaDM8=

wrappy@1:
  version "1.0.2"
  resolved "https://registry.yarnpkg.com/wrappy/-/wrappy-1.0.2.tgz#b5243d8f3ec1aa35f1364605bc0d1036e30ab69f"
  integrity sha1-tSQ9jz7BqjXxNkYFvA0QNuMKtp8=

ws@>=7.4.6:
  version "8.2.3"
  resolved "https://registry.yarnpkg.com/ws/-/ws-8.2.3.tgz#63a56456db1b04367d0b721a0b80cae6d8becbba"
  integrity sha512-wBuoj1BDpC6ZQ1B7DWQBYVLphPWkm8i9Y0/3YdHjHKHiohOJ1ws+3OccDWtH+PoC9DZD5WOTrJvNbWvjS6JWaA==
